Microsoft Visual Studio Solution File, Format Version 12.00
# Visual Studio Version 17
VisualStudioVersion = 17.5.2.0
MinimumVisualStudioVersion = 10.0.40219.1
Project("{2150E333-8FDC-42A3-9474-1A3956D46DE8}") = "backend", "backend", "{1AE8ACA6-933B-BF2A-3671-3E2EAC007D16}"
EndProject
Project("{FAE04EC0-301F-11D3-BF4B-00C04F79EFBC}") = "CapstoneBackend", "backend\CapstoneBackend\CapstoneBackend.csproj", "{8AD164E0-BE5B-D582-ED42-5B0ECF9C4689}"
EndProject
Global
	GlobalSection(SolutionConfigurationPlatforms) = preSolution
		Debug|Any CPU = Debug|Any CPU
		Release|Any CPU = Release|Any CPU
	EndGlobalSection
	GlobalSection(ProjectConfigurationPlatforms) = postSolution
		{8AD164E0-BE5B-D582-ED42-5B0ECF9C4689}.Debug|Any CPU.ActiveCfg = Debug|Any CPU
		{8AD164E0-BE5B-D582-ED42-5B0ECF9C4689}.Debug|Any CPU.Build.0 = Debug|Any CPU
		{8AD164E0-BE5B-D582-ED42-5B0ECF9C4689}.Release|Any CPU.ActiveCfg = Release|Any CPU
		{8AD164E0-BE5B-D582-ED42-5B0ECF9C4689}.Release|Any CPU.Build.0 = Release|Any CPU
	EndGlobalSection
	GlobalSection(SolutionProperties) = preSolution
		HideSolutionNode = FALSE
	EndGlobalSection
	GlobalSection(NestedProjects) = preSolution
		{8AD164E0-BE5B-D582-ED42-5B0ECF9C4689} = {1AE8ACA6-933B-BF2A-3671-3E2EAC007D16}
	EndGlobalSection
	GlobalSection(ExtensibilityGlobals) = postSolution
		SolutionGuid = {0BEA2868-AA35-4156-B8EF-BABFD24BA81A}
	EndGlobalSection
EndGlobal
